// !$*UTF8*$!
{
	archiveVersion = 1;
	classes = {
	};
	objectVersion = 46;
	objects = {

/* Begin PBXBuildFile section */
		63F618541ED57D6F001B2505 /* main.m in Sources */ = {isa = PBXBuildFile; fileRef = 63F618531ED57D6F001B2505 /* main.m */; };
		63F618571ED57D6F001B2505 /* AppDelegate.m in Sources */ = {isa = PBXBuildFile; fileRef = 63F618561ED57D6F001B2505 /* AppDelegate.m */; };
		63F6185F1ED57D6F001B2505 /* Assets.xcassets in Resources */ = {isa = PBXBuildFile; fileRef = 63F6185E1ED57D6F001B2505 /* Assets.xcassets */; };
		63F618621ED57D6F001B2505 /* LaunchScreen.storyboard in Resources */ = {isa = PBXBuildFile; fileRef = 63F618601ED57D6F001B2505 /* LaunchScreen.storyboard */; };
		63F618861ED57EAA001B2505 /* HomeViewController.m in Sources */ = {isa = PBXBuildFile; fileRef = 63F618851ED57EAA001B2505 /* HomeViewController.m */; };
		63F618881ED57EB4001B2505 /* Home.storyboard in Resources */ = {isa = PBXBuildFile; fileRef = 63F618871ED57EB4001B2505 /* Home.storyboard */; };
		63F6188B1ED57EEE001B2505 /* MessageViewController.m in Sources */ = {isa = PBXBuildFile; fileRef = 63F6188A1ED57EEE001B2505 /* MessageViewController.m */; };
		63F6188D1ED57EFB001B2505 /* Message.storyboard in Resources */ = {isa = PBXBuildFile; fileRef = 63F6188C1ED57EFB001B2505 /* Message.storyboard */; };
		63F618901ED57F21001B2505 /* MoreViewController.m in Sources */ = {isa = PBXBuildFile; fileRef = 63F6188F1ED57F21001B2505 /* MoreViewController.m */; };
		63F618921ED57F2A001B2505 /* More.storyboard in Resources */ = {isa = PBXBuildFile; fileRef = 63F618911ED57F2A001B2505 /* More.storyboard */; };
		63F618951ED57F46001B2505 /* DiscoverViewController.m in Sources */ = {isa = PBXBuildFile; fileRef = 63F618941ED57F46001B2505 /* DiscoverViewController.m */; };
		63F618971ED57F54001B2505 /* Discover.storyboard in Resources */ = {isa = PBXBuildFile; fileRef = 63F618961ED57F54001B2505 /* Discover.storyboard */; };
		63F6189A1ED57F97001B2505 /* ProfileViewController.m in Sources */ = {isa = PBXBuildFile; fileRef = 63F618991ED57F97001B2505 /* ProfileViewController.m */; };
		63F6189C1ED57FA8001B2505 /* Profile.storyboard in Resources */ = {isa = PBXBuildFile; fileRef = 63F6189B1ED57FA8001B2505 /* Profile.storyboard */; };
		63F6189F1ED585BF001B2505 /* MainTabBarController.m in Sources */ = {isa = PBXBuildFile; fileRef = 63F6189E1ED585BF001B2505 /* MainTabBarController.m */; };
/* End PBXBuildFile section */

/* Begin PBXFileReference section */
		63F6184F1ED57D6F001B2505 /* SinaWeibo.app */ = {isa = PBXFileReference; explicitFileType = wrapper.application; includeInIndex = 0; path = SinaWeibo.app; sourceTree = BUILT_PRODUCTS_DIR; };
		63F618531ED57D6F001B2505 /* main.m */ = {isa = PBXFileReference; lastKnownFileType = sourcecode.c.objc; path = main.m; sourceTree = "<group>"; };
		63F618551ED57D6F001B2505 /* AppDelegate.h */ = {isa = PBXFileReference; lastKnownFileType = sourcecode.c.h; path = AppDelegate.h; sourceTree = "<group>"; };
		63F618561ED57D6F001B2505 /* AppDelegate.m */ = {isa = PBXFileReference; lastKnownFileType = sourcecode.c.objc; path = AppDelegate.m; sourceTree = "<group>"; };
		63F6185E1ED57D6F001B2505 /* Assets.xcassets */ = {isa = PBXFileReference; lastKnownFileType = folder.assetcatalog; path = Assets.xcassets; sourceTree = "<group>"; };
		63F618611ED57D6F001B2505 /* Base */ = {isa = PBXFileReference; lastKnownFileType = file.storyboard; name = Base; path = Base.lproj/LaunchScreen.storyboard; sourceTree = "<group>"; };
		63F618631ED57D6F001B2505 /* Info.plist */ = {isa = PBXFileReference; lastKnownFileType = text.plist.xml; path = Info.plist; sourceTree = "<group>"; };
		63F618841ED57EAA001B2505 /* HomeViewController.h */ = {isa = PBXFileReference; fileEncoding = 4; lastKnownFileType = sourcecode.c.h; path = HomeViewController.h; sourceTree = "<group>"; };
		63F618851ED57EAA001B2505 /* HomeViewController.m */ = {isa = PBXFileReference; fileEncoding = 4; lastKnownFileType = sourcecode.c.objc; path = HomeViewController.m; sourceTree = "<group>"; };
		63F618871ED57EB4001B2505 /* Home.storyboard */ = {isa = PBXFileReference; fileEncoding = 4; lastKnownFileType = file.storyboard; path = Home.storyboard; sourceTree = "<group>"; };
		63F618891ED57EEE001B2505 /* MessageViewController.h */ = {isa = PBXFileReference; fileEncoding = 4; lastKnownFileType = sourcecode.c.h; path = MessageViewController.h; sourceTree = "<group>"; };
		63F6188A1ED57EEE001B2505 /* MessageViewController.m */ = {isa = PBXFileReference; fileEncoding = 4; lastKnownFileType = sourcecode.c.objc; path = MessageViewController.m; sourceTree = "<group>"; };
		63F6188C1ED57EFB001B2505 /* Message.storyboard */ = {isa = PBXFileReference; fileEncoding = 4; lastKnownFileType = file.storyboard; path = Message.storyboard; sourceTree = "<group>"; };
		63F6188E1ED57F21001B2505 /* MoreViewController.h */ = {isa = PBXFileReference; fileEncoding = 4; lastKnownFileType = sourcecode.c.h; path = MoreViewController.h; sourceTree = "<group>"; };
		63F6188F1ED57F21001B2505 /* MoreViewController.m */ = {isa = PBXFileReference; fileEncoding = 4; lastKnownFileType = sourcecode.c.objc; path = MoreViewController.m; sourceTree = "<group>"; };
		63F618911ED57F2A001B2505 /* More.storyboard */ = {isa = PBXFileReference; fileEncoding = 4; lastKnownFileType = file.storyboard; name = More.storyboard; path = "../../更多/View/More.storyboard"; sourceTree = "<group>"; };
		63F618931ED57F46001B2505 /* DiscoverViewController.h */ = {isa = PBXFileReference; fileEncoding = 4; lastKnownFileType = sourcecode.c.h; path = DiscoverViewController.h; sourceTree = "<group>"; };
		63F618941ED57F46001B2505 /* DiscoverViewController.m */ = {isa = PBXFileReference; fileEncoding = 4; lastKnownFileType = sourcecode.c.objc; path = DiscoverViewController.m; sourceTree = "<group>"; };
		63F618961ED57F54001B2505 /* Discover.storyboard */ = {isa = PBXFileReference; fileEncoding = 4; lastKnownFileType = file.storyboard; name = Discover.storyboard; path = "../../发现/View/Discover.storyboard"; sourceTree = "<group>"; };
		63F618981ED57F97001B2505 /* ProfileViewController.h */ = {isa = PBXFileReference; fileEncoding = 4; lastKnownFileType = sourcecode.c.h; path = ProfileViewController.h; sourceTree = "<group>"; };
		63F618991ED57F97001B2505 /* ProfileViewController.m */ = {isa = PBXFileReference; fileEncoding = 4; lastKnownFileType = sourcecode.c.objc; path = ProfileViewController.m; sourceTree = "<group>"; };
		63F6189B1ED57FA8001B2505 /* Profile.storyboard */ = {isa = PBXFileReference; fileEncoding = 4; lastKnownFileType = file.storyboard; path = Profile.storyboard; sourceTree = "<group>"; };
		63F6189D1ED585BF001B2505 /* MainTabBarController.h */ = {isa = PBXFileReference; fileEncoding = 4; lastKnownFileType = sourcecode.c.h; path = MainTabBarController.h; sourceTree = "<group>"; };
		63F6189E1ED585BF001B2505 /* MainTabBarController.m */ = {isa = PBXFileReference; fileEncoding = 4; lastKnownFileType = sourcecode.c.objc; path = MainTabBarController.m; sourceTree = "<group>"; };
/* End PBXFileReference section */

/* Begin PBXFrameworksBuildPhase section */
		63F6184C1ED57D6F001B2505 /* Frameworks */ = {
			isa = PBXFrameworksBuildPhase;
			buildActionMask = 2147483647;
			files = (
			);
			runOnlyForDeploymentPostprocessing = 0;
		};
/* End PBXFrameworksBuildPhase section */

/* Begin PBXGroup section */
		63F618461ED57D6F001B2505 = {
			isa = PBXGroup;
			children = (
				63F618511ED57D6F001B2505 /* SinaWeibo */,
				63F618501ED57D6F001B2505 /* Products */,
			);
			sourceTree = "<group>";
		};
		63F618501ED57D6F001B2505 /* Products */ = {
			isa = PBXGroup;
			children = (
				63F6184F1ED57D6F001B2505 /* SinaWeibo.app */,
			);
			name = Products;
			sourceTree = "<group>";
		};
		63F618511ED57D6F001B2505 /* SinaWeibo */ = {
			isa = PBXGroup;
			children = (
				63F618691ED57E55001B2505 /* 第三方类库 */,
				63F6186A1ED57E55001B2505 /* Images */,
				63F6186B1ED57E55001B2505 /* Main */,
				63F618551ED57D6F001B2505 /* AppDelegate.h */,
				63F618561ED57D6F001B2505 /* AppDelegate.m */,
				63F6185E1ED57D6F001B2505 /* Assets.xcassets */,
				63F618601ED57D6F001B2505 /* LaunchScreen.storyboard */,
				63F618631ED57D6F001B2505 /* Info.plist */,
				63F618521ED57D6F001B2505 /* Supporting Files */,
			);
			path = SinaWeibo;
			sourceTree = "<group>";
		};
		63F618521ED57D6F001B2505 /* Supporting Files */ = {
			isa = PBXGroup;
			children = (
				63F618531ED57D6F001B2505 /* main.m */,
			);
			name = "Supporting Files";
			sourceTree = "<group>";
		};
		63F618691ED57E55001B2505 /* 第三方类库 */ = {
			isa = PBXGroup;
			children = (
			);
			path = "第三方类库";
			sourceTree = "<group>";
		};
		63F6186A1ED57E55001B2505 /* Images */ = {
			isa = PBXGroup;
			children = (
			);
			path = Images;
			sourceTree = "<group>";
		};
		63F6186B1ED57E55001B2505 /* Main */ = {
			isa = PBXGroup;
			children = (
				63F6186C1ED57E55001B2505 /* Base */,
				63F618701ED57E55001B2505 /* 个人中心 */,
				63F618741ED57E55001B2505 /* 发现 */,
				63F618781ED57E55001B2505 /* 更多 */,
				63F6187C1ED57E55001B2505 /* 消息 */,
				63F618801ED57E55001B2505 /* 首页 */,
			);
			path = Main;
			sourceTree = "<group>";
		};
		63F6186C1ED57E55001B2505 /* Base */ = {
			isa = PBXGroup;
			children = (
				63F6186D1ED57E55001B2505 /* Controller */,
				63F6186E1ED57E55001B2505 /* Model */,
				63F6186F1ED57E55001B2505 /* View */,
			);
			path = Base;
			sourceTree = "<group>";
		};
		63F6186D1ED57E55001B2505 /* Controller */ = {
			isa = PBXGroup;
			children = (
				63F6189D1ED585BF001B2505 /* MainTabBarController.h */,
				63F6189E1ED585BF001B2505 /* MainTabBarController.m */,
			);
			path = Controller;
			sourceTree = "<group>";
		};
		63F6186E1ED57E55001B2505 /* Model */ = {
			isa = PBXGroup;
			children = (
			);
			path = Model;
			sourceTree = "<group>";
		};
		63F6186F1ED57E55001B2505 /* View */ = {
			isa = PBXGroup;
			children = (
			);
			path = View;
			sourceTree = "<group>";
		};
		63F618701ED57E55001B2505 /* 个人中心 */ = {
			isa = PBXGroup;
			children = (
				63F618711ED57E55001B2505 /* Controller */,
				63F618721ED57E55001B2505 /* Model */,
				63F618731ED57E55001B2505 /* View */,
			);
			path = "个人中心";
			sourceTree = "<group>";
		};
		63F618711ED57E55001B2505 /* Controller */ = {
			isa = PBXGroup;
			children = (
				63F618981ED57F97001B2505 /* ProfileViewController.h */,
				63F618991ED57F97001B2505 /* ProfileViewController.m */,
			);
			path = Controller;
			sourceTree = "<group>";
		};
		63F618721ED57E55001B2505 /* Model */ = {
			isa = PBXGroup;
			children = (
			);
			path = Model;
			sourceTree = "<group>";
		};
		63F618731ED57E55001B2505 /* View */ = {
			isa = PBXGroup;
			children = (
				63F6189B1ED57FA8001B2505 /* Profile.storyboard */,
			);
			path = View;
			sourceTree = "<group>";
		};
		63F618741ED57E55001B2505 /* 发现 */ = {
			isa = PBXGroup;
			children = (
				63F618751ED57E55001B2505 /* Controller */,
				63F618761ED57E55001B2505 /* Model */,
				63F618771ED57E55001B2505 /* View */,
			);
			path = "发现";
			sourceTree = "<group>";
		};
		63F618751ED57E55001B2505 /* Controller */ = {
			isa = PBXGroup;
			children = (
				63F618931ED57F46001B2505 /* DiscoverViewController.h */,
				63F618941ED57F46001B2505 /* DiscoverViewController.m */,
			);
			path = Controller;
			sourceTree = "<group>";
		};
		63F618761ED57E55001B2505 /* Model */ = {
			isa = PBXGroup;
			children = (
			);
			path = Model;
			sourceTree = "<group>";
		};
		63F618771ED57E55001B2505 /* View */ = {
			isa = PBXGroup;
			children = (
				63F618911ED57F2A001B2505 /* More.storyboard */,
			);
			path = View;
			sourceTree = "<group>";
		};
		63F618781ED57E55001B2505 /* 更多 */ = {
			isa = PBXGroup;
			children = (
				63F618791ED57E55001B2505 /* Controller */,
				63F6187A1ED57E55001B2505 /* Model */,
				63F6187B1ED57E55001B2505 /* View */,
			);
			path = "更多";
			sourceTree = "<group>";
		};
		63F618791ED57E55001B2505 /* Controller */ = {
			isa = PBXGroup;
			children = (
				63F6188E1ED57F21001B2505 /* MoreViewController.h */,
				63F6188F1ED57F21001B2505 /* MoreViewController.m */,
			);
			path = Controller;
			sourceTree = "<group>";
		};
		63F6187A1ED57E55001B2505 /* Model */ = {
			isa = PBXGroup;
			children = (
			);
			path = Model;
			sourceTree = "<group>";
		};
		63F6187B1ED57E55001B2505 /* View */ = {
			isa = PBXGroup;
			children = (
				63F618961ED57F54001B2505 /* Discover.storyboard */,
			);
			path = View;
			sourceTree = "<group>";
		};
		63F6187C1ED57E55001B2505 /* 消息 */ = {
			isa = PBXGroup;
			children = (
				63F6187D1ED57E55001B2505 /* Controller */,
				63F6187E1ED57E55001B2505 /* Model */,
				63F6187F1ED57E55001B2505 /* View */,
			);
			path = "消息";
			sourceTree = "<group>";
		};
		63F6187D1ED57E55001B2505 /* Controller */ = {
			isa = PBXGroup;
			children = (
				63F618891ED57EEE001B2505 /* MessageViewController.h */,
				63F6188A1ED57EEE001B2505 /* MessageViewController.m */,
			);
			path = Controller;
			sourceTree = "<group>";
		};
		63F6187E1ED57E55001B2505 /* Model */ = {
			isa = PBXGroup;
			children = (
			);
			path = Model;
			sourceTree = "<group>";
		};
		63F6187F1ED57E55001B2505 /* View */ = {
			isa = PBXGroup;
			children = (
				63F6188C1ED57EFB001B2505 /* Message.storyboard */,
			);
			path = View;
			sourceTree = "<group>";
		};
		63F618801ED57E55001B2505 /* 首页 */ = {
			isa = PBXGroup;
			children = (
				63F618811ED57E55001B2505 /* Controller */,
				63F618821ED57E55001B2505 /* Model */,
				63F618831ED57E55001B2505 /* View */,
			);
			path = "首页";
			sourceTree = "<group>";
		};
		63F618811ED57E55001B2505 /* Controller */ = {
			isa = PBXGroup;
			children = (
				63F618841ED57EAA001B2505 /* HomeViewController.h */,
				63F618851ED57EAA001B2505 /* HomeViewController.m */,
			);
			path = Controller;
			sourceTree = "<group>";
		};
		63F618821ED57E55001B2505 /* Model */ = {
			isa = PBXGroup;
			children = (
			);
			path = Model;
			sourceTree = "<group>";
		};
		63F618831ED57E55001B2505 /* View */ = {
			isa = PBXGroup;
			children = (
				63F618871ED57EB4001B2505 /* Home.storyboard */,
			);
			path = View;
			sourceTree = "<group>";
		};
/* End PBXGroup section */

/* Begin PBXNativeTarget section */
		63F6184E1ED57D6F001B2505 /* SinaWeibo */ = {
			isa = PBXNativeTarget;
			buildConfigurationList = 63F618661ED57D6F001B2505 /* Build configuration list for PBXNativeTarget "SinaWeibo" */;
			buildPhases = (
				63F6184B1ED57D6F001B2505 /* Sources */,
				63F6184C1ED57D6F001B2505 /* Frameworks */,
				63F6184D1ED57D6F001B2505 /* Resources */,
			);
			buildRules = (
			);
			dependencies = (
			);
			name = SinaWeibo;
			productName = SinaWeibo;
			productReference = 63F6184F1ED57D6F001B2505 /* SinaWeibo.app */;
			productType = "com.apple.product-type.application";
		};
/* End PBXNativeTarget section */

/* Begin PBXProject section */
		63F618471ED57D6F001B2505 /* Project object */ = {
			isa = PBXProject;
			attributes = {
				LastUpgradeCheck = 0830;
				ORGANIZATIONNAME = "嗷嗷叫aoaojiao";
				TargetAttributes = {
					63F6184E1ED57D6F001B2505 = {
						CreatedOnToolsVersion = 8.3.1;
						ProvisioningStyle = Automatic;
					};
				};
			};
			buildConfigurationList = 63F6184A1ED57D6F001B2505 /* Build configuration list for PBXProject "SinaWeibo" */;
			compatibilityVersion = "Xcode 3.2";
			developmentRegion = English;
			hasScannedForEncodings = 0;
			knownRegions = (
				en,
				Base,
			);
			mainGroup = 63F618461ED57D6F001B2505;
			productRefGroup = 63F618501ED57D6F001B2505 /* Products */;
			projectDirPath = "";
			projectRoot = "";
			targets = (
				63F6184E1ED57D6F001B2505 /* SinaWeibo */,
			);
		};
/* End PBXProject section */

/* Begin PBXResourcesBuildPhase section */
		63F6184D1ED57D6F001B2505 /* Resources */ = {
			isa = PBXResourcesBuildPhase;
			buildActionMask = 2147483647;
			files = (
				63F618881ED57EB4001B2505 /* Home.storyboard in Resources */,
				63F618921ED57F2A001B2505 /* More.storyboard in Resources */,
				63F618621ED57D6F001B2505 /* LaunchScreen.storyboard in Resources */,
				63F6188D1ED57EFB001B2505 /* Message.storyboard in Resources */,
				63F6185F1ED57D6F001B2505 /* Assets.xcassets in Resources */,
				63F6189C1ED57FA8001B2505 /* Profile.storyboard in Resources */,
				63F618971ED57F54001B2505 /* Discover.storyboard in Resources */,
			);
			runOnlyForDeploymentPostprocessing = 0;
		};
/* End PBXResourcesBuildPhase section */

/* Begin PBXSourcesBuildPhase section */
		63F6184B1ED57D6F001B2505 /* Sources */ = {
			isa = PBXSourcesBuildPhase;
			buildActionMask = 2147483647;
			files = (
				63F618571ED57D6F001B2505 /* AppDelegate.m in Sources */,
				63F618951ED57F46001B2505 /* DiscoverViewController.m in Sources */,
				63F618541ED57D6F001B2505 /* main.m in Sources */,
				63F6188B1ED57EEE001B2505 /* MessageViewController.m in Sources */,
				63F6189A1ED57F97001B2505 /* ProfileViewController.m in Sources */,
				63F618861ED57EAA001B2505 /* HomeViewController.m in Sources */,
				63F6189F1ED585BF001B2505 /* MainTabBarController.m in Sources */,
				63F618901ED57F21001B2505 /* MoreViewController.m in Sources */,
			);
			runOnlyForDeploymentPostprocessing = 0;
		};
/* End PBXSourcesBuildPhase section */

/* Begin PBXVariantGroup section */
		63F618601ED57D6F001B2505 /* LaunchScreen.storyboard */ = {
			isa = PBXVariantGroup;
			children = (
				63F618611ED57D6F001B2505 /* Base */,
			);
			name = LaunchScreen.storyboard;
			sourceTree = "<group>";
		};
/* End PBXVariantGroup section */

/* Begin XCBuildConfiguration section */
		63F618641ED57D6F001B2505 /* Debug */ = {
			isa = XCBuildConfiguration;
			buildSettings = {
				ALWAYS_SEARCH_USER_PATHS = NO;
				CLANG_ANALYZER_NONNULL = YES;
				CLANG_ANALYZER_NUMBER_OBJECT_CONVERSION = YES_AGGRESSIVE;
				CLANG_CXX_LANGUAGE_STANDARD = "gnu++0x";
				CLANG_CXX_LIBRARY = "libc++";
				CLANG_ENABLE_MODULES = YES;
				CLANG_ENABLE_OBJC_ARC = YES;
				CLANG_WARN_BOOL_CONVERSION = YES;
				CLANG_WARN_CONSTANT_CONVERSION = YES;
				CLANG_WARN_DIRECT_OBJC_ISA_USAGE = YES_ERROR;
				CLANG_WARN_DOCUMENTATION_COMMENTS = YES;
				CLANG_WARN_EMPTY_BODY = YES;
				CLANG_WARN_ENUM_CONVERSION = YES;
				CLANG_WARN_INFINITE_RECURSION = YES;
				CLANG_WARN_INT_CONVERSION = YES;
				CLANG_WARN_OBJC_ROOT_CLASS = YES_ERROR;
				CLANG_WARN_SUSPICIOUS_MOVE = YES;
				CLANG_WARN_UNREACHABLE_CODE = YES;
				CLANG_WARN__DUPLICATE_METHOD_MATCH = YES;
				"CODE_SIGN_IDENTITY[sdk=iphoneos*]" = "iPhone Developer";
				COPY_PHASE_STRIP = NO;
				DEBUG_INFORMATION_FORMAT = dwarf;
				ENABLE_STRICT_OBJC_MSGSEND = YES;
				ENABLE_TESTABILITY = YES;
				GCC_C_LANGUAGE_STANDARD = gnu99;
				GCC_DYNAMIC_NO_PIC = NO;
				GCC_NO_COMMON_BLOCKS = YES;
				GCC_OPTIMIZATION_LEVEL = 0;
				GCC_PREPROCESSOR_DEFINITIONS = (
					"DEBUG=1",
					"$(inherited)",
				);
				GCC_WARN_64_TO_32_BIT_CONVERSION = YES;
				GCC_WARN_ABOUT_RETURN_TYPE = YES_ERROR;
				GCC_WARN_UNDECLARED_SELECTOR = YES;
				GCC_WARN_UNINITIALIZED_AUTOS = YES_AGGRESSIVE;
				GCC_WARN_UNUSED_FUNCTION = YES;
				GCC_WARN_UNUSED_VARIABLE = YES;
				IPHONEOS_DEPLOYMENT_TARGET = 10.3;
				MTL_ENABLE_DEBUG_INFO = YES;
				ONLY_ACTIVE_ARCH = YES;
				SDKROOT = iphoneos;
				TARGETED_DEVICE_FAMILY = "1,2";
			};
			name = Debug;
		};
		63F618651ED57D6F001B2505 /* Release */ = {
			isa = XCBuildConfiguration;
			buildSettings = {
				ALWAYS_SEARCH_USER_PATHS = NO;
				CLANG_ANALYZER_NONNULL = YES;
				CLANG_ANALYZER_NUMBER_OBJECT_CONVERSION = YES_AGGRESSIVE;
				CLANG_CXX_LANGUAGE_STANDARD = "gnu++0x";
				CLANG_CXX_LIBRARY = "libc++";
				CLANG_ENABLE_MODULES = YES;
				CLANG_ENABLE_OBJC_ARC = YES;
				CLANG_WARN_BOOL_CONVERSION = YES;
				CLANG_WARN_CONSTANT_CONVERSION = YES;
				CLANG_WARN_DIRECT_OBJC_ISA_USAGE = YES_ERROR;
				CLANG_WARN_DOCUMENTATION_COMMENTS = YES;
				CLANG_WARN_EMPTY_BODY = YES;
				CLANG_WARN_ENUM_CONVERSION = YES;
				CLANG_WARN_INFINITE_RECURSION = YES;
				CLANG_WARN_INT_CONVERSION = YES;
				CLANG_WARN_OBJC_ROOT_CLASS = YES_ERROR;
				CLANG_WARN_SUSPICIOUS_MOVE = YES;
				CLANG_WARN_UNREACHABLE_CODE = YES;
				CLANG_WARN__DUPLICATE_METHOD_MATCH = YES;
				"CODE_SIGN_IDENTITY[sdk=iphoneos*]" = "iPhone Developer";
				COPY_PHASE_STRIP = NO;
				DEBUG_INFORMATION_FORMAT = "dwarf-with-dsym";
				ENABLE_NS_ASSERTIONS = NO;
				ENABLE_STRICT_OBJC_MSGSEND = YES;
				GCC_C_LANGUAGE_STANDARD = gnu99;
				GCC_NO_COMMON_BLOCKS = YES;
				GCC_WARN_64_TO_32_BIT_CONVERSION = YES;
				GCC_WARN_ABOUT_RETURN_TYPE = YES_ERROR;
				GCC_WARN_UNDECLARED_SELECTOR = YES;
				GCC_WARN_UNINITIALIZED_AUTOS = YES_AGGRESSIVE;
				GCC_WARN_UNUSED_FUNCTION = YES;
				GCC_WARN_UNUSED_VARIABLE = YES;
				IPHONEOS_DEPLOYMENT_TARGET = 10.3;
				MTL_ENABLE_DEBUG_INFO = NO;
				SDKROOT = iphoneos;
				TARGETED_DEVICE_FAMILY = "1,2";
				VALIDATE_PRODUCT = YES;
			};
			name = Release;
		};
		63F618671ED57D6F001B2505 /* Debug */ = {
			isa = XCBuildConfiguration;
			buildSettings = {
				ASSETCATALOG_COMPILER_APPICON_NAME = AppIcon;
				DEVELOPMENT_TEAM = "";
				INFOPLIST_FILE = SinaWeibo/Info.plist;
				LD_RUNPATH_SEARCH_PATHS = "$(inherited) @executable_path/Frameworks";
				PRODUCT_BUNDLE_IDENTIFIER = com.aoao.SinaWeibo;
				PRODUCT_NAME = "$(TARGET_NAME)";
			};
			name = Debug;
		};
		63F618681ED57D6F001B2505 /* Release */ = {
			isa = XCBuildConfiguration;
			buildSettings = {
				ASSETCATALOG_COMPILER_APPICON_NAME = AppIcon;
				DEVELOPMENT_TEAM = "";
				INFOPLIST_FILE = SinaWeibo/Info.plist;
				LD_RUNPATH_SEARCH_PATHS = "$(inherited) @executable_path/Frameworks";
				PRODUCT_BUNDLE_IDENTIFIER = com.aoao.SinaWeibo;
				PRODUCT_NAME = "$(TARGET_NAME)";
			};
			name = Release;
		};
/* End XCBuildConfiguration section */

/* Begin XCConfigurationList section */
		63F6184A1ED57D6F001B2505 /* Build configuration list for PBXProject "SinaWeibo" */ = {
			isa = XCConfigurationList;
			buildConfigurations = (
				63F618641ED57D6F001B2505 /* Debug */,
				63F618651ED57D6F001B2505 /* Release */,
			);
			defaultConfigurationIsVisible = 0;
			defaultConfigurationName = Release;
		};
		63F618661ED57D6F001B2505 /* Build configuration list for PBXNativeTarget "SinaWeibo" */ = {
			isa = XCConfigurationList;
			buildConfigurations = (
				63F618671ED57D6F001B2505 /* Debug */,
				63F618681ED57D6F001B2505 /* Release */,
			);
			defaultConfigurationIsVisible = 0;
		};
/* End XCConfigurationList section */
	};
	rootObject = 63F618471ED57D6F001B2505 /* Project object */;
}
